
Microsoft Visual Studio Solution File, Format Version 12.00
# Visual Studio Version 16
VisualStudioVersion = 16.0.31515.178
MinimumVisualStudioVersion = 10.0.40219.1
Project("{FAE04EC0-301F-11D3-BF4B-00C04F79EFBC}") = "ACMECalc", "ACMECalc\ACMECalc.csproj", "{62C550F1-B188-4D0A-A4E8-5E8D5CAFC5EA}"
EndProject
Project("{FAE04EC0-301F-11D3-BF4B-00C04F79EFBC}") = "ACMECalcIMPROVED", "ACMECalcIMPROVED\ACMECalcIMPROVED.csproj", "{0EF7E6B1-00B0-45CD-9D1C-0404E9FBB795}"
EndProject
Global
	GlobalSection(SolutionConfigurationPlatforms) = preSolution
		Debug|Any CPU = Debug|Any CPU
		Release|Any CPU = Release|Any CPU
	EndGlobalSection
	GlobalSection(ProjectConfigurationPlatforms) = postSolution
		{62C550F1-B188-4D0A-A4E8-5E8D5CAFC5EA}.Debug|Any CPU.ActiveCfg = Debug|Any CPU
		{62C550F1-B188-4D0A-A4E8-5E8D5CAFC5EA}.Debug|Any CPU.Build.0 = Debug|Any CPU
		{62C550F1-B188-4D0A-A4E8-5E8D5CAFC5EA}.Release|Any CPU.ActiveCfg = Release|Any CPU
		{62C550F1-B188-4D0A-A4E8-5E8D5CAFC5EA}.Release|Any CPU.Build.0 = Release|Any CPU
		{0EF7E6B1-00B0-45CD-9D1C-0404E9FBB795}.Debug|Any CPU.ActiveCfg = Debug|Any CPU
		{0EF7E6B1-00B0-45CD-9D1C-0404E9FBB795}.Debug|Any CPU.Build.0 = Debug|Any CPU
		{0EF7E6B1-00B0-45CD-9D1C-0404E9FBB795}.Release|Any CPU.ActiveCfg = Release|Any CPU
		{0EF7E6B1-00B0-45CD-9D1C-0404E9FBB795}.Release|Any CPU.Build.0 = Release|Any CPU
	EndGlobalSection
	GlobalSection(SolutionProperties) = preSolution
		HideSolutionNode = FALSE
	EndGlobalSection
	GlobalSection(ExtensibilityGlobals) = postSolution
		SolutionGuid = {7ACEF714-91A0-49BE-806D-0F3A66A149CD}
	EndGlobalSection
EndGlobal
